
Microsoft Visual Studio Solution File, Format Version 12.00
# Visual Studio 15
VisualStudioVersion = 15.0.28307.572
MinimumVisualStudioVersion = 10.0.40219.1
Project("{FAE04EC0-301F-11D3-BF4B-00C04F79EFBC}") = "CIIC.TongXun", "CIIC.TongXun\CIIC.TongXun.csproj", "{41156497-7320-4B36-909C-665C9FA2EC9E}"
EndProject
Project("{FAE04EC0-301F-11D3-BF4B-00C04F79EFBC}") = "ZJ.App.Common", "ZJ.App.Common\ZJ.App.Common.csproj", "{40000F51-BF2E-4CC3-A74A-9F531F45875A}"
EndProject
Project("{2150E333-8FDC-42A3-9474-1A3956D46DE8}") = "00.Common", "00.Common", "{63FAA519-A2B7-41BE-9168-896F7A17B138}"
EndProject
Project("{2150E333-8FDC-42A3-9474-1A3956D46DE8}") = "01-Entity", "01-Entity", "{E800B0E3-53E0-4D4D-A45C-922B2E7F731B}"
EndProject
Project("{2150E333-8FDC-42A3-9474-1A3956D46DE8}") = "02-DAL", "02-DAL", "{DFBC67C4-A9B1-4665-9044-6F7520E07896}"
EndProject
Project("{2150E333-8FDC-42A3-9474-1A3956D46DE8}") = "03-BLL", "03-BLL", "{7BBC7DF8-A141-41D7-9FF2-4605D1A1CD1E}"
EndProject
Project("{FAE04EC0-301F-11D3-BF4B-00C04F79EFBC}") = "ZJ.App.Entity", "ZJ.App.Entity\ZJ.App.Entity.csproj", "{CC802DF5-3A9C-4E3D-8EA0-E0655ECA0561}"
EndProject
Project("{FAE04EC0-301F-11D3-BF4B-00C04F79EFBC}") = "ZJ.App.DAL", "ZJ.App.DAL\ZJ.App.DAL.csproj", "{D757047B-6874-45D7-A2D4-89B37DAFD56F}"
EndProject
Project("{FAE04EC0-301F-11D3-BF4B-00C04F79EFBC}") = "ZJ.App.BLL", "ZJ.App.BLL\ZJ.App.BLL.csproj", "{3D2CA3B1-795D-4A33-B385-46BFA8346953}"
EndProject
Global
	GlobalSection(SolutionConfigurationPlatforms) = preSolution
		Debug|Any CPU = Debug|Any CPU
		Release|Any CPU = Release|Any CPU
	EndGlobalSection
	GlobalSection(ProjectConfigurationPlatforms) = postSolution
		{41156497-7320-4B36-909C-665C9FA2EC9E}.Debug|Any CPU.ActiveCfg = Debug|Any CPU
		{41156497-7320-4B36-909C-665C9FA2EC9E}.Debug|Any CPU.Build.0 = Debug|Any CPU
		{41156497-7320-4B36-909C-665C9FA2EC9E}.Release|Any CPU.ActiveCfg = Release|Any CPU
		{41156497-7320-4B36-909C-665C9FA2EC9E}.Release|Any CPU.Build.0 = Release|Any CPU
		{40000F51-BF2E-4CC3-A74A-9F531F45875A}.Debug|Any CPU.ActiveCfg = Debug|Any CPU
		{40000F51-BF2E-4CC3-A74A-9F531F45875A}.Debug|Any CPU.Build.0 = Debug|Any CPU
		{40000F51-BF2E-4CC3-A74A-9F531F45875A}.Release|Any CPU.ActiveCfg = Release|Any CPU
		{40000F51-BF2E-4CC3-A74A-9F531F45875A}.Release|Any CPU.Build.0 = Release|Any CPU
		{CC802DF5-3A9C-4E3D-8EA0-E0655ECA0561}.Debug|Any CPU.ActiveCfg = Debug|Any CPU
		{CC802DF5-3A9C-4E3D-8EA0-E0655ECA0561}.Debug|Any CPU.Build.0 = Debug|Any CPU
		{CC802DF5-3A9C-4E3D-8EA0-E0655ECA0561}.Release|Any CPU.ActiveCfg = Release|Any CPU
		{CC802DF5-3A9C-4E3D-8EA0-E0655ECA0561}.Release|Any CPU.Build.0 = Release|Any CPU
		{D757047B-6874-45D7-A2D4-89B37DAFD56F}.Debug|Any CPU.ActiveCfg = Debug|Any CPU
		{D757047B-6874-45D7-A2D4-89B37DAFD56F}.Debug|Any CPU.Build.0 = Debug|Any CPU
		{D757047B-6874-45D7-A2D4-89B37DAFD56F}.Release|Any CPU.ActiveCfg = Release|Any CPU
		{D757047B-6874-45D7-A2D4-89B37DAFD56F}.Release|Any CPU.Build.0 = Release|Any CPU
		{3D2CA3B1-795D-4A33-B385-46BFA8346953}.Debug|Any CPU.ActiveCfg = Debug|Any CPU
		{3D2CA3B1-795D-4A33-B385-46BFA8346953}.Debug|Any CPU.Build.0 = Debug|Any CPU
		{3D2CA3B1-795D-4A33-B385-46BFA8346953}.Release|Any CPU.ActiveCfg = Release|Any CPU
		{3D2CA3B1-795D-4A33-B385-46BFA8346953}.Release|Any CPU.Build.0 = Release|Any CPU
	EndGlobalSection
	GlobalSection(SolutionProperties) = preSolution
		HideSolutionNode = FALSE
	EndGlobalSection
	GlobalSection(NestedProjects) = preSolution
		{40000F51-BF2E-4CC3-A74A-9F531F45875A} = {63FAA519-A2B7-41BE-9168-896F7A17B138}
		{CC802DF5-3A9C-4E3D-8EA0-E0655ECA0561} = {E800B0E3-53E0-4D4D-A45C-922B2E7F731B}
		{D757047B-6874-45D7-A2D4-89B37DAFD56F} = {DFBC67C4-A9B1-4665-9044-6F7520E07896}
		{3D2CA3B1-795D-4A33-B385-46BFA8346953} = {7BBC7DF8-A141-41D7-9FF2-4605D1A1CD1E}
	EndGlobalSection
	GlobalSection(ExtensibilityGlobals) = postSolution
		SolutionGuid = {860DFCDD-379B-4971-9BE0-8D550F688978}
	EndGlobalSection
EndGlobal
